
Microsoft Visual Studio Solution File, Format Version 12.00
# Visual Studio Version 17
VisualStudioVersion = 17.0.32112.339
MinimumVisualStudioVersion = 10.0.40219.1
Project("{2150E333-8FDC-42A3-9474-1A3956D46DE8}") = "src", "src", "{E4CCE53B-01B5-4B7E-851F-2D07E7D1FB68}"
EndProject
Project("{2150E333-8FDC-42A3-9474-1A3956D46DE8}") = "Building Blocks", "Building Blocks", "{DC46C634-EE75-4B61-AC0C-1F1F18D719A6}"
EndProject
Project("{2150E333-8FDC-42A3-9474-1A3956D46DE8}") = "Services", "Services", "{00305A17-DCB7-49F5-803D-754695130A3C}"
EndProject
Project("{2150E333-8FDC-42A3-9474-1A3956D46DE8}") = "Web", "Web", "{1DCD7B3A-94B1-48D8-8D7B-94ADAC413B9A}"
EndProject
Project("{2150E333-8FDC-42A3-9474-1A3956D46DE8}") = "Identidade", "Identidade", "{497A7BF2-373B-4DF6-863F-8EB2CC29F19C}"
EndProject
Project("{9A19103F-16F7-4668-BE54-9A1E7A4F7556}") = "NSE.Identidade.API", "NSE.Identidade.API\NSE.Identidade.API.csproj", "{331C007F-DDCD-4596-9F84-3661A3064C00}"
EndProject
Project("{2150E333-8FDC-42A3-9474-1A3956D46DE8}") = "MVC", "MVC", "{99EE6C30-A782-439B-8FDD-D6E850BEBDDB}"
EndProject
Project("{9A19103F-16F7-4668-BE54-9A1E7A4F7556}") = "NSE.WebApp.MVC", "NSE.WebApp.MVC\NSE.WebApp.MVC.csproj", "{931D5368-4D23-4859-A0CF-C34A48D87666}"
EndProject
Project("{2150E333-8FDC-42A3-9474-1A3956D46DE8}") = "Core", "Core", "{B44B0196-B879-4868-A65E-8708E271B67E}"
EndProject
Project("{9A19103F-16F7-4668-BE54-9A1E7A4F7556}") = "NSE.Core", "NSE.Core\NSE.Core.csproj", "{6C0D96DD-6A02-45CA-965A-C88D15FE2D94}"
EndProject
Project("{2150E333-8FDC-42A3-9474-1A3956D46DE8}") = "Carrinho", "Carrinho", "{F3C6CE4C-5769-4B1A-A1BB-D7763A77C314}"
EndProject
Project("{9A19103F-16F7-4668-BE54-9A1E7A4F7556}") = "NSE.Carrinho.API", "NSE.Carrinho.API\NSE.Carrinho.API.csproj", "{6643A2BE-5870-4835-8CF1-B698549CB843}"
EndProject
Project("{2150E333-8FDC-42A3-9474-1A3956D46DE8}") = "Catalogo", "Catalogo", "{C7473AFD-C8C3-4772-A4B3-C30AC1A309E9}"
EndProject
Project("{9A19103F-16F7-4668-BE54-9A1E7A4F7556}") = "NSE.Catalogo.API", "NSE.Catalogo.API\NSE.Catalogo.API.csproj", "{F4A430A8-BD0B-4EF7-A845-700DD8BC3519}"
EndProject
Project("{2150E333-8FDC-42A3-9474-1A3956D46DE8}") = "Cliente", "Cliente", "{7551E96A-E7EA-4A55-8CF3-0468093E44C1}"
EndProject
Project("{9A19103F-16F7-4668-BE54-9A1E7A4F7556}") = "NSE.Clientes.API", "NSE.Clientes.API\NSE.Clientes.API.csproj", "{567214D8-9D53-4E87-9C81-DE6BA0CBFAB9}"
EndProject
Project("{2150E333-8FDC-42A3-9474-1A3956D46DE8}") = "Pagamento", "Pagamento", "{20432EA1-33EB-4CDB-9A80-C3065B0B95CD}"
EndProject
Project("{9A19103F-16F7-4668-BE54-9A1E7A4F7556}") = "NSE.Pagamentos.API", "NSE.Pagamento.API\NSE.Pagamentos.API.csproj", "{D385728F-FB61-4568-A54A-4903B6B929B1}"
EndProject
Project("{2150E333-8FDC-42A3-9474-1A3956D46DE8}") = "Pedido", "Pedido", "{61BB0A11-F571-42C5-B1AB-161202808B75}"
EndProject
Project("{9A19103F-16F7-4668-BE54-9A1E7A4F7556}") = "NSE.Pedido.API", "NSE.Pedido.API\NSE.Pedido.API.csproj", "{269A9A96-CDEE-4D05-A583-1DA93FA45764}"
EndProject
Project("{2150E333-8FDC-42A3-9474-1A3956D46DE8}") = "Services", "Services", "{9561299A-216C-469F-A083-EF2EDC9E37C3}"
EndProject
Project("{9A19103F-16F7-4668-BE54-9A1E7A4F7556}") = "NSE.WebAPI.Core", "NSE.WebAPI.Core\NSE.WebAPI.Core.csproj", "{BC8D841B-92B3-42F6-88EC-EB69A97E3FCB}"
EndProject
Project("{2150E333-8FDC-42A3-9474-1A3956D46DE8}") = "MessageBus", "MessageBus", "{16CB540A-C24A-461B-8088-6D1CF4EE8CF7}"
EndProject
Project("{9A19103F-16F7-4668-BE54-9A1E7A4F7556}") = "NSE.MessageBus", "NSE.MessageBus\NSE.MessageBus.csproj", "{547DBB63-81FB-4D17-A94F-1BBDB1C93FE6}"
EndProject
Project("{2150E333-8FDC-42A3-9474-1A3956D46DE8}") = "ApiGateways", "ApiGateways", "{696D5EF2-26C6-4138-9E7E-3A55AFE4A027}"
EndProject
Project("{2150E333-8FDC-42A3-9474-1A3956D46DE8}") = "Compras", "Compras", "{85D5D981-90D6-484C-B78F-0C1BDBAC4174}"
EndProject
Project("{9A19103F-16F7-4668-BE54-9A1E7A4F7556}") = "NSE.Bff.Compras", "NSE.Bff.Compras\NSE.Bff.Compras.csproj", "{D3BD34DF-2E62-42FE-AF2A-D8AAB7B594E2}"
EndProject
Project("{9A19103F-16F7-4668-BE54-9A1E7A4F7556}") = "NSE.Pedido.Domain", "NSE.Pedido.Domain\NSE.Pedido.Domain.csproj", "{B3DF315F-9238-4511-AFF6-C7675AAFFBC0}"
EndProject
Project("{9A19103F-16F7-4668-BE54-9A1E7A4F7556}") = "NSE.Pedido.Infra", "NSE.Pedido.Infra\NSE.Pedido.Infra.csproj", "{34C4DE92-CDE1-43F3-ABF7-A65A00411219}"
EndProject
Project("{9A19103F-16F7-4668-BE54-9A1E7A4F7556}") = "NSE.Pagamentos.NerdsPag", "NSE.Pagamentos.NerdsPag\NSE.Pagamentos.NerdsPag.csproj", "{676F2D71-D53F-447F-861F-5C7466DD7728}"
EndProject
Global
	GlobalSection(SolutionConfigurationPlatforms) = preSolution
		Debug|Any CPU = Debug|Any CPU
		Release|Any CPU = Release|Any CPU
	EndGlobalSection
	GlobalSection(ProjectConfigurationPlatforms) = postSolution
		{331C007F-DDCD-4596-9F84-3661A3064C00}.Debug|Any CPU.ActiveCfg = Debug|Any CPU
		{331C007F-DDCD-4596-9F84-3661A3064C00}.Debug|Any CPU.Build.0 = Debug|Any CPU
		{331C007F-DDCD-4596-9F84-3661A3064C00}.Release|Any CPU.ActiveCfg = Release|Any CPU
		{331C007F-DDCD-4596-9F84-3661A3064C00}.Release|Any CPU.Build.0 = Release|Any CPU
		{931D5368-4D23-4859-A0CF-C34A48D87666}.Debug|Any CPU.ActiveCfg = Debug|Any CPU
		{931D5368-4D23-4859-A0CF-C34A48D87666}.Debug|Any CPU.Build.0 = Debug|Any CPU
		{931D5368-4D23-4859-A0CF-C34A48D87666}.Release|Any CPU.ActiveCfg = Release|Any CPU
		{931D5368-4D23-4859-A0CF-C34A48D87666}.Release|Any CPU.Build.0 = Release|Any CPU
		{6C0D96DD-6A02-45CA-965A-C88D15FE2D94}.Debug|Any CPU.ActiveCfg = Debug|Any CPU
		{6C0D96DD-6A02-45CA-965A-C88D15FE2D94}.Debug|Any CPU.Build.0 = Debug|Any CPU
		{6C0D96DD-6A02-45CA-965A-C88D15FE2D94}.Release|Any CPU.ActiveCfg = Release|Any CPU
		{6C0D96DD-6A02-45CA-965A-C88D15FE2D94}.Release|Any CPU.Build.0 = Release|Any CPU
		{6643A2BE-5870-4835-8CF1-B698549CB843}.Debug|Any CPU.ActiveCfg = Debug|Any CPU
		{6643A2BE-5870-4835-8CF1-B698549CB843}.Debug|Any CPU.Build.0 = Debug|Any CPU
		{6643A2BE-5870-4835-8CF1-B698549CB843}.Release|Any CPU.ActiveCfg = Release|Any CPU
		{6643A2BE-5870-4835-8CF1-B698549CB843}.Release|Any CPU.Build.0 = Release|Any CPU
		{F4A430A8-BD0B-4EF7-A845-700DD8BC3519}.Debug|Any CPU.ActiveCfg = Debug|Any CPU
		{F4A430A8-BD0B-4EF7-A845-700DD8BC3519}.Debug|Any CPU.Build.0 = Debug|Any CPU
		{F4A430A8-BD0B-4EF7-A845-700DD8BC3519}.Release|Any CPU.ActiveCfg = Release|Any CPU
		{F4A430A8-BD0B-4EF7-A845-700DD8BC3519}.Release|Any CPU.Build.0 = Release|Any CPU
		{567214D8-9D53-4E87-9C81-DE6BA0CBFAB9}.Debug|Any CPU.ActiveCfg = Debug|Any CPU
		{567214D8-9D53-4E87-9C81-DE6BA0CBFAB9}.Debug|Any CPU.Build.0 = Debug|Any CPU
		{567214D8-9D53-4E87-9C81-DE6BA0CBFAB9}.Release|Any CPU.ActiveCfg = Release|Any CPU
		{567214D8-9D53-4E87-9C81-DE6BA0CBFAB9}.Release|Any CPU.Build.0 = Release|Any CPU
		{D385728F-FB61-4568-A54A-4903B6B929B1}.Debug|Any CPU.ActiveCfg = Debug|Any CPU
		{D385728F-FB61-4568-A54A-4903B6B929B1}.Debug|Any CPU.Build.0 = Debug|Any CPU
		{D385728F-FB61-4568-A54A-4903B6B929B1}.Release|Any CPU.ActiveCfg = Release|Any CPU
		{D385728F-FB61-4568-A54A-4903B6B929B1}.Release|Any CPU.Build.0 = Release|Any CPU
		{269A9A96-CDEE-4D05-A583-1DA93FA45764}.Debug|Any CPU.ActiveCfg = Debug|Any CPU
		{269A9A96-CDEE-4D05-A583-1DA93FA45764}.Debug|Any CPU.Build.0 = Debug|Any CPU
		{269A9A96-CDEE-4D05-A583-1DA93FA45764}.Release|Any CPU.ActiveCfg = Release|Any CPU
		{269A9A96-CDEE-4D05-A583-1DA93FA45764}.Release|Any CPU.Build.0 = Release|Any CPU
		{BC8D841B-92B3-42F6-88EC-EB69A97E3FCB}.Debug|Any CPU.ActiveCfg = Debug|Any CPU
		{BC8D841B-92B3-42F6-88EC-EB69A97E3FCB}.Debug|Any CPU.Build.0 = Debug|Any CPU
		{BC8D841B-92B3-42F6-88EC-EB69A97E3FCB}.Release|Any CPU.ActiveCfg = Release|Any CPU
		{BC8D841B-92B3-42F6-88EC-EB69A97E3FCB}.Release|Any CPU.Build.0 = Release|Any CPU
		{547DBB63-81FB-4D17-A94F-1BBDB1C93FE6}.Debug|Any CPU.ActiveCfg = Debug|Any CPU
		{547DBB63-81FB-4D17-A94F-1BBDB1C93FE6}.Debug|Any CPU.Build.0 = Debug|Any CPU
		{547DBB63-81FB-4D17-A94F-1BBDB1C93FE6}.Release|Any CPU.ActiveCfg = Release|Any CPU
		{547DBB63-81FB-4D17-A94F-1BBDB1C93FE6}.Release|Any CPU.Build.0 = Release|Any CPU
		{D3BD34DF-2E62-42FE-AF2A-D8AAB7B594E2}.Debug|Any CPU.ActiveCfg = Debug|Any CPU
		{D3BD34DF-2E62-42FE-AF2A-D8AAB7B594E2}.Debug|Any CPU.Build.0 = Debug|Any CPU
		{D3BD34DF-2E62-42FE-AF2A-D8AAB7B594E2}.Release|Any CPU.ActiveCfg = Release|Any CPU
		{D3BD34DF-2E62-42FE-AF2A-D8AAB7B594E2}.Release|Any CPU.Build.0 = Release|Any CPU
		{B3DF315F-9238-4511-AFF6-C7675AAFFBC0}.Debug|Any CPU.ActiveCfg = Debug|Any CPU
		{B3DF315F-9238-4511-AFF6-C7675AAFFBC0}.Debug|Any CPU.Build.0 = Debug|Any CPU
		{B3DF315F-9238-4511-AFF6-C7675AAFFBC0}.Release|Any CPU.ActiveCfg = Release|Any CPU
		{B3DF315F-9238-4511-AFF6-C7675AAFFBC0}.Release|Any CPU.Build.0 = Release|Any CPU
		{34C4DE92-CDE1-43F3-ABF7-A65A00411219}.Debug|Any CPU.ActiveCfg = Debug|Any CPU
		{34C4DE92-CDE1-43F3-ABF7-A65A00411219}.Debug|Any CPU.Build.0 = Debug|Any CPU
		{34C4DE92-CDE1-43F3-ABF7-A65A00411219}.Release|Any CPU.ActiveCfg = Release|Any CPU
		{34C4DE92-CDE1-43F3-ABF7-A65A00411219}.Release|Any CPU.Build.0 = Release|Any CPU
		{676F2D71-D53F-447F-861F-5C7466DD7728}.Debug|Any CPU.ActiveCfg = Debug|Any CPU
		{676F2D71-D53F-447F-861F-5C7466DD7728}.Debug|Any CPU.Build.0 = Debug|Any CPU
		{676F2D71-D53F-447F-861F-5C7466DD7728}.Release|Any CPU.ActiveCfg = Release|Any CPU
		{676F2D71-D53F-447F-861F-5C7466DD7728}.Release|Any CPU.Build.0 = Release|Any CPU
	EndGlobalSection
	GlobalSection(SolutionProperties) = preSolution
		HideSolutionNode = FALSE
	EndGlobalSection
	GlobalSection(NestedProjects) = preSolution
		{DC46C634-EE75-4B61-AC0C-1F1F18D719A6} = {E4CCE53B-01B5-4B7E-851F-2D07E7D1FB68}
		{00305A17-DCB7-49F5-803D-754695130A3C} = {E4CCE53B-01B5-4B7E-851F-2D07E7D1FB68}
		{1DCD7B3A-94B1-48D8-8D7B-94ADAC413B9A} = {E4CCE53B-01B5-4B7E-851F-2D07E7D1FB68}
		{497A7BF2-373B-4DF6-863F-8EB2CC29F19C} = {00305A17-DCB7-49F5-803D-754695130A3C}
		{331C007F-DDCD-4596-9F84-3661A3064C00} = {497A7BF2-373B-4DF6-863F-8EB2CC29F19C}
		{99EE6C30-A782-439B-8FDD-D6E850BEBDDB} = {1DCD7B3A-94B1-48D8-8D7B-94ADAC413B9A}
		{931D5368-4D23-4859-A0CF-C34A48D87666} = {99EE6C30-A782-439B-8FDD-D6E850BEBDDB}
		{B44B0196-B879-4868-A65E-8708E271B67E} = {DC46C634-EE75-4B61-AC0C-1F1F18D719A6}
		{6C0D96DD-6A02-45CA-965A-C88D15FE2D94} = {B44B0196-B879-4868-A65E-8708E271B67E}
		{F3C6CE4C-5769-4B1A-A1BB-D7763A77C314} = {00305A17-DCB7-49F5-803D-754695130A3C}
		{6643A2BE-5870-4835-8CF1-B698549CB843} = {F3C6CE4C-5769-4B1A-A1BB-D7763A77C314}
		{C7473AFD-C8C3-4772-A4B3-C30AC1A309E9} = {00305A17-DCB7-49F5-803D-754695130A3C}
		{F4A430A8-BD0B-4EF7-A845-700DD8BC3519} = {C7473AFD-C8C3-4772-A4B3-C30AC1A309E9}
		{7551E96A-E7EA-4A55-8CF3-0468093E44C1} = {00305A17-DCB7-49F5-803D-754695130A3C}
		{567214D8-9D53-4E87-9C81-DE6BA0CBFAB9} = {7551E96A-E7EA-4A55-8CF3-0468093E44C1}
		{20432EA1-33EB-4CDB-9A80-C3065B0B95CD} = {00305A17-DCB7-49F5-803D-754695130A3C}
		{D385728F-FB61-4568-A54A-4903B6B929B1} = {20432EA1-33EB-4CDB-9A80-C3065B0B95CD}
		{61BB0A11-F571-42C5-B1AB-161202808B75} = {00305A17-DCB7-49F5-803D-754695130A3C}
		{269A9A96-CDEE-4D05-A583-1DA93FA45764} = {61BB0A11-F571-42C5-B1AB-161202808B75}
		{9561299A-216C-469F-A083-EF2EDC9E37C3} = {DC46C634-EE75-4B61-AC0C-1F1F18D719A6}
		{BC8D841B-92B3-42F6-88EC-EB69A97E3FCB} = {9561299A-216C-469F-A083-EF2EDC9E37C3}
		{16CB540A-C24A-461B-8088-6D1CF4EE8CF7} = {DC46C634-EE75-4B61-AC0C-1F1F18D719A6}
		{547DBB63-81FB-4D17-A94F-1BBDB1C93FE6} = {16CB540A-C24A-461B-8088-6D1CF4EE8CF7}
		{696D5EF2-26C6-4138-9E7E-3A55AFE4A027} = {E4CCE53B-01B5-4B7E-851F-2D07E7D1FB68}
		{85D5D981-90D6-484C-B78F-0C1BDBAC4174} = {696D5EF2-26C6-4138-9E7E-3A55AFE4A027}
		{D3BD34DF-2E62-42FE-AF2A-D8AAB7B594E2} = {85D5D981-90D6-484C-B78F-0C1BDBAC4174}
		{B3DF315F-9238-4511-AFF6-C7675AAFFBC0} = {61BB0A11-F571-42C5-B1AB-161202808B75}
		{34C4DE92-CDE1-43F3-ABF7-A65A00411219} = {61BB0A11-F571-42C5-B1AB-161202808B75}
		{676F2D71-D53F-447F-861F-5C7466DD7728} = {20432EA1-33EB-4CDB-9A80-C3065B0B95CD}
	EndGlobalSection
	GlobalSection(ExtensibilityGlobals) = postSolution
		SolutionGuid = {8DE3332A-5C87-4A5C-B198-F417F549BD5A}
	EndGlobalSection
EndGlobal
