
Microsoft Visual Studio Solution File, Format Version 12.00
# Visual Studio Version 16
VisualStudioVersion = 16.0.30114.105
MinimumVisualStudioVersion = 10.0.40219.1
Project("{FAE04EC0-301F-11D3-BF4B-00C04F79EFBC}") = "PaymentContext.Domain", "PaymentContext.Domain\PaymentContext.Domain.csproj", "{E1D83BE6-6C92-45B0-9740-D43733462A4E}"
EndProject
Project("{FAE04EC0-301F-11D3-BF4B-00C04F79EFBC}") = "PaymentContext.Shared", "PaymentContext.Shared\PaymentContext.Shared.csproj", "{E66DA9ED-F769-46B6-BA3F-437B18CB7B4C}"
EndProject
Project("{FAE04EC0-301F-11D3-BF4B-00C04F79EFBC}") = "PaymentContext.Tests", "PaymentContext.Tests\PaymentContext.Tests.csproj", "{13223CFB-130E-4CC8-A6E4-53F894F09F59}"
EndProject
Global
	GlobalSection(SolutionConfigurationPlatforms) = preSolution
		Debug|Any CPU = Debug|Any CPU
		Debug|x64 = Debug|x64
		Debug|x86 = Debug|x86
		Release|Any CPU = Release|Any CPU
		Release|x64 = Release|x64
		Release|x86 = Release|x86
	EndGlobalSection
	GlobalSection(SolutionProperties) = preSolution
		HideSolutionNode = FALSE
	EndGlobalSection
	GlobalSection(ProjectConfigurationPlatforms) = postSolution
		{E1D83BE6-6C92-45B0-9740-D43733462A4E}.Debug|Any CPU.ActiveCfg = Debug|Any CPU
		{E1D83BE6-6C92-45B0-9740-D43733462A4E}.Debug|Any CPU.Build.0 = Debug|Any CPU
		{E1D83BE6-6C92-45B0-9740-D43733462A4E}.Debug|x64.ActiveCfg = Debug|Any CPU
		{E1D83BE6-6C92-45B0-9740-D43733462A4E}.Debug|x64.Build.0 = Debug|Any CPU
		{E1D83BE6-6C92-45B0-9740-D43733462A4E}.Debug|x86.ActiveCfg = Debug|Any CPU
		{E1D83BE6-6C92-45B0-9740-D43733462A4E}.Debug|x86.Build.0 = Debug|Any CPU
		{E1D83BE6-6C92-45B0-9740-D43733462A4E}.Release|Any CPU.ActiveCfg = Release|Any CPU
		{E1D83BE6-6C92-45B0-9740-D43733462A4E}.Release|Any CPU.Build.0 = Release|Any CPU
		{E1D83BE6-6C92-45B0-9740-D43733462A4E}.Release|x64.ActiveCfg = Release|Any CPU
		{E1D83BE6-6C92-45B0-9740-D43733462A4E}.Release|x64.Build.0 = Release|Any CPU
		{E1D83BE6-6C92-45B0-9740-D43733462A4E}.Release|x86.ActiveCfg = Release|Any CPU
		{E1D83BE6-6C92-45B0-9740-D43733462A4E}.Release|x86.Build.0 = Release|Any CPU
		{E66DA9ED-F769-46B6-BA3F-437B18CB7B4C}.Debug|Any CPU.ActiveCfg = Debug|Any CPU
		{E66DA9ED-F769-46B6-BA3F-437B18CB7B4C}.Debug|Any CPU.Build.0 = Debug|Any CPU
		{E66DA9ED-F769-46B6-BA3F-437B18CB7B4C}.Debug|x64.ActiveCfg = Debug|Any CPU
		{E66DA9ED-F769-46B6-BA3F-437B18CB7B4C}.Debug|x64.Build.0 = Debug|Any CPU
		{E66DA9ED-F769-46B6-BA3F-437B18CB7B4C}.Debug|x86.ActiveCfg = Debug|Any CPU
		{E66DA9ED-F769-46B6-BA3F-437B18CB7B4C}.Debug|x86.Build.0 = Debug|Any CPU
		{E66DA9ED-F769-46B6-BA3F-437B18CB7B4C}.Release|Any CPU.ActiveCfg = Release|Any CPU
		{E66DA9ED-F769-46B6-BA3F-437B18CB7B4C}.Release|Any CPU.Build.0 = Release|Any CPU
		{E66DA9ED-F769-46B6-BA3F-437B18CB7B4C}.Release|x64.ActiveCfg = Release|Any CPU
		{E66DA9ED-F769-46B6-BA3F-437B18CB7B4C}.Release|x64.Build.0 = Release|Any CPU
		{E66DA9ED-F769-46B6-BA3F-437B18CB7B4C}.Release|x86.ActiveCfg = Release|Any CPU
		{E66DA9ED-F769-46B6-BA3F-437B18CB7B4C}.Release|x86.Build.0 = Release|Any CPU
		{13223CFB-130E-4CC8-A6E4-53F894F09F59}.Debug|Any CPU.ActiveCfg = Debug|Any CPU
		{13223CFB-130E-4CC8-A6E4-53F894F09F59}.Debug|Any CPU.Build.0 = Debug|Any CPU
		{13223CFB-130E-4CC8-A6E4-53F894F09F59}.Debug|x64.ActiveCfg = Debug|Any CPU
		{13223CFB-130E-4CC8-A6E4-53F894F09F59}.Debug|x64.Build.0 = Debug|Any CPU
		{13223CFB-130E-4CC8-A6E4-53F894F09F59}.Debug|x86.ActiveCfg = Debug|Any CPU
		{13223CFB-130E-4CC8-A6E4-53F894F09F59}.Debug|x86.Build.0 = Debug|Any CPU
		{13223CFB-130E-4CC8-A6E4-53F894F09F59}.Release|Any CPU.ActiveCfg = Release|Any CPU
		{13223CFB-130E-4CC8-A6E4-53F894F09F59}.Release|Any CPU.Build.0 = Release|Any CPU
		{13223CFB-130E-4CC8-A6E4-53F894F09F59}.Release|x64.ActiveCfg = Release|Any CPU
		{13223CFB-130E-4CC8-A6E4-53F894F09F59}.Release|x64.Build.0 = Release|Any CPU
		{13223CFB-130E-4CC8-A6E4-53F894F09F59}.Release|x86.ActiveCfg = Release|Any CPU
		{13223CFB-130E-4CC8-A6E4-53F894F09F59}.Release|x86.Build.0 = Release|Any CPU
	EndGlobalSection
EndGlobal
